// !$*UTF8*$!
{
	archiveVersion = 1;
	classes = {
	};
	objectVersion = 46;
	objects = {

/* Begin PBXBuildFile section */
		341E702A1C0813B700453024 /* ListEventsViewController.swift in Sources */ = {isa = PBXBuildFile; fileRef = 341E70291C0813B700453024 /* ListEventsViewController.swift */; };
		3447038C1BFC04A1001FCADF /* ConfirmViewController.swift in Sources */ = {isa = PBXBuildFile; fileRef = 3447038B1BFC04A1001FCADF /* ConfirmViewController.swift */; };
		3447038E1BFC13D6001FCADF /* CreateEventViewController.swift in Sources */ = {isa = PBXBuildFile; fileRef = 3447038D1BFC13D6001FCADF /* CreateEventViewController.swift */; };
		347916CB1C0CAAB9000E446E /* EventDetailViewController.swift in Sources */ = {isa = PBXBuildFile; fileRef = 347916CA1C0CAAB9000E446E /* EventDetailViewController.swift */; };
		34BA5A351C15F0C8000B71DC /* MyButton.swift in Sources */ = {isa = PBXBuildFile; fileRef = 34BA5A341C15F0C8000B71DC /* MyButton.swift */; };
		34BC06721BF4DA8E000D496F /* AppDelegate.swift in Sources */ = {isa = PBXBuildFile; fileRef = 34BC06711BF4DA8E000D496F /* AppDelegate.swift */; };
		34BC06741BF4DA8E000D496F /* FirstViewController.swift in Sources */ = {isa = PBXBuildFile; fileRef = 34BC06731BF4DA8E000D496F /* FirstViewController.swift */; };
		34BC06761BF4DA8E000D496F /* SecondViewController.swift in Sources */ = {isa = PBXBuildFile; fileRef = 34BC06751BF4DA8E000D496F /* SecondViewController.swift */; };
		34BC06791BF4DA8E000D496F /* Main.storyboard in Resources */ = {isa = PBXBuildFile; fileRef = 34BC06771BF4DA8E000D496F /* Main.storyboard */; };
		34BC067B1BF4DA8E000D496F /* Images.xcassets in Resources */ = {isa = PBXBuildFile; fileRef = 34BC067A1BF4DA8E000D496F /* Images.xcassets */; };
		34BC068A1BF4DA8E000D496F /* FlierCalTests.swift in Sources */ = {isa = PBXBuildFile; fileRef = 34BC06891BF4DA8E000D496F /* FlierCalTests.swift */; };
		34BC06941BF4E283000D496F /* WebOCR.swift in Sources */ = {isa = PBXBuildFile; fileRef = 34BC06931BF4E283000D496F /* WebOCR.swift */; };
		34CD0CFD1C188A970064A771 /* Regex.swift in Sources */ = {isa = PBXBuildFile; fileRef = 34CD0CFC1C188A970064A771 /* Regex.swift */; };
/* End PBXBuildFile section */

/* Begin PBXContainerItemProxy section */
		34BC06841BF4DA8E000D496F /* PBXContainerItemProxy */ = {
			isa = PBXContainerItemProxy;
			containerPortal = 34BC06641BF4DA8E000D496F /* Project object */;
			proxyType = 1;
			remoteGlobalIDString = 34BC066B1BF4DA8E000D496F;
			remoteInfo = FlierCal;
		};
/* End PBXContainerItemProxy section */

/* Begin PBXFileReference section */
		341E70291C0813B700453024 /* ListEventsViewController.swift */ = {isa = PBXFileReference; fileEncoding = 4; lastKnownFileType = sourcecode.swift; path = ListEventsViewController.swift; sourceTree = "<group>"; };
		3447038B1BFC04A1001FCADF /* ConfirmViewController.swift */ = {isa = PBXFileReference; fileEncoding = 4; lastKnownFileType = sourcecode.swift; path = ConfirmViewController.swift; sourceTree = "<group>"; };
		3447038D1BFC13D6001FCADF /* CreateEventViewController.swift */ = {isa = PBXFileReference; fileEncoding = 4; lastKnownFileType = sourcecode.swift; path = CreateEventViewController.swift; sourceTree = "<group>"; };
		347916CA1C0CAAB9000E446E /* EventDetailViewController.swift */ = {isa = PBXFileReference; fileEncoding = 4; lastKnownFileType = sourcecode.swift; path = EventDetailViewController.swift; sourceTree = "<group>"; };
		34BA5A341C15F0C8000B71DC /* MyButton.swift */ = {isa = PBXFileReference; fileEncoding = 4; lastKnownFileType = sourcecode.swift; path = MyButton.swift; sourceTree = "<group>"; };
		34BC066C1BF4DA8E000D496F /* FlierCal.app */ = {isa = PBXFileReference; explicitFileType = wrapper.application; includeInIndex = 0; path = FlierCal.app; sourceTree = BUILT_PRODUCTS_DIR; };
		34BC06701BF4DA8E000D496F /* Info.plist */ = {isa = PBXFileReference; lastKnownFileType = text.plist.xml; path = Info.plist; sourceTree = "<group>"; };
		34BC06711BF4DA8E000D496F /* AppDelegate.swift */ = {isa = PBXFileReference; lastKnownFileType = sourcecode.swift; path = AppDelegate.swift; sourceTree = "<group>"; };
		34BC06731BF4DA8E000D496F /* FirstViewController.swift */ = {isa = PBXFileReference; lastKnownFileType = sourcecode.swift; path = FirstViewController.swift; sourceTree = "<group>"; };
		34BC06751BF4DA8E000D496F /* SecondViewController.swift */ = {isa = PBXFileReference; lastKnownFileType = sourcecode.swift; path = SecondViewController.swift; sourceTree = "<group>"; };
		34BC06781BF4DA8E000D496F /* Base */ = {isa = PBXFileReference; lastKnownFileType = file.storyboard; name = Base; path = Base.lproj/Main.storyboard; sourceTree = "<group>"; };
		34BC067A1BF4DA8E000D496F /* Images.xcassets */ = {isa = PBXFileReference; lastKnownFileType = folder.assetcatalog; path = Images.xcassets; sourceTree = "<group>"; };
		34BC06831BF4DA8E000D496F /* FlierCalTests.xctest */ = {isa = PBXFileReference; explicitFileType = wrapper.cfbundle; includeInIndex = 0; path = FlierCalTests.xctest; sourceTree = BUILT_PRODUCTS_DIR; };
		34BC06881BF4DA8E000D496F /* Info.plist */ = {isa = PBXFileReference; lastKnownFileType = text.plist.xml; path = Info.plist; sourceTree = "<group>"; };
		34BC06891BF4DA8E000D496F /* FlierCalTests.swift */ = {isa = PBXFileReference; lastKnownFileType = sourcecode.swift; path = FlierCalTests.swift; sourceTree = "<group>"; };
		34BC06931BF4E283000D496F /* WebOCR.swift */ = {isa = PBXFileReference; fileEncoding = 4; lastKnownFileType = sourcecode.swift; path = WebOCR.swift; sourceTree = "<group>"; };
		34CD0CFC1C188A970064A771 /* Regex.swift */ = {isa = PBXFileReference; fileEncoding = 4; lastKnownFileType = sourcecode.swift; path = Regex.swift; sourceTree = "<group>"; };
/* End PBXFileReference section */

/* Begin PBXFrameworksBuildPhase section */
		34BC06691BF4DA8E000D496F /* Frameworks */ = {
			isa = PBXFrameworksBuildPhase;
			buildActionMask = 2147483647;
			files = (
			);
			runOnlyForDeploymentPostprocessing = 0;
		};
		34BC06801BF4DA8E000D496F /* Frameworks */ = {
			isa = PBXFrameworksBuildPhase;
			buildActionMask = 2147483647;
			files = (
			);
			runOnlyForDeploymentPostprocessing = 0;
		};
/* End PBXFrameworksBuildPhase section */

/* Begin PBXGroup section */
		34BC06631BF4DA8E000D496F = {
			isa = PBXGroup;
			children = (
				34BC066E1BF4DA8E000D496F /* FlierCal */,
				34BC06861BF4DA8E000D496F /* FlierCalTests */,
				34BC066D1BF4DA8E000D496F /* Products */,
			);
			sourceTree = "<group>";
		};
		34BC066D1BF4DA8E000D496F /* Products */ = {
			isa = PBXGroup;
			children = (
				34BC066C1BF4DA8E000D496F /* FlierCal.app */,
				34BC06831BF4DA8E000D496F /* FlierCalTests.xctest */,
			);
			name = Products;
			sourceTree = "<group>";
		};
		34BC066E1BF4DA8E000D496F /* FlierCal */ = {
			isa = PBXGroup;
			children = (
				34BC06711BF4DA8E000D496F /* AppDelegate.swift */,
				34BC06731BF4DA8E000D496F /* FirstViewController.swift */,
				34BC06751BF4DA8E000D496F /* SecondViewController.swift */,
				3447038B1BFC04A1001FCADF /* ConfirmViewController.swift */,
				3447038D1BFC13D6001FCADF /* CreateEventViewController.swift */,
				341E70291C0813B700453024 /* ListEventsViewController.swift */,
				347916CA1C0CAAB9000E446E /* EventDetailViewController.swift */,
				34CD0CFC1C188A970064A771 /* Regex.swift */,
				34BC06931BF4E283000D496F /* WebOCR.swift */,
				34BA5A341C15F0C8000B71DC /* MyButton.swift */,
				34BC06771BF4DA8E000D496F /* Main.storyboard */,
				34BC067A1BF4DA8E000D496F /* Images.xcassets */,
				34BC066F1BF4DA8E000D496F /* Supporting Files */,
			);
			path = FlierCal;
			sourceTree = "<group>";
		};
		34BC066F1BF4DA8E000D496F /* Supporting Files */ = {
			isa = PBXGroup;
			children = (
				34BC06701BF4DA8E000D496F /* Info.plist */,
			);
			name = "Supporting Files";
			sourceTree = "<group>";
		};
		34BC06861BF4DA8E000D496F /* FlierCalTests */ = {
			isa = PBXGroup;
			children = (
				34BC06891BF4DA8E000D496F /* FlierCalTests.swift */,
				34BC06871BF4DA8E000D496F /* Supporting Files */,
			);
			path = FlierCalTests;
			sourceTree = "<group>";
		};
		34BC06871BF4DA8E000D496F /* Supporting Files */ = {
			isa = PBXGroup;
			children = (
				34BC06881BF4DA8E000D496F /* Info.plist */,
			);
			name = "Supporting Files";
			sourceTree = "<group>";
		};
/* End PBXGroup section */

/* Begin PBXNativeTarget section */
		34BC066B1BF4DA8E000D496F /* FlierCal */ = {
			isa = PBXNativeTarget;
			buildConfigurationList = 34BC068D1BF4DA8E000D496F /* Build configuration list for PBXNativeTarget "FlierCal" */;
			buildPhases = (
				34BC06681BF4DA8E000D496F /* Sources */,
				34BC06691BF4DA8E000D496F /* Frameworks */,
				34BC066A1BF4DA8E000D496F /* Resources */,
			);
			buildRules = (
			);
			dependencies = (
			);
			name = FlierCal;
			productName = FlierCal;
			productReference = 34BC066C1BF4DA8E000D496F /* FlierCal.app */;
			productType = "com.apple.product-type.application";
		};
		34BC06821BF4DA8E000D496F /* FlierCalTests */ = {
			isa = PBXNativeTarget;
			buildConfigurationList = 34BC06901BF4DA8E000D496F /* Build configuration list for PBXNativeTarget "FlierCalTests" */;
			buildPhases = (
				34BC067F1BF4DA8E000D496F /* Sources */,
				34BC06801BF4DA8E000D496F /* Frameworks */,
				34BC06811BF4DA8E000D496F /* Resources */,
			);
			buildRules = (
			);
			dependencies = (
				34BC06851BF4DA8E000D496F /* PBXTargetDependency */,
			);
			name = FlierCalTests;
			productName = FlierCalTests;
			productReference = 34BC06831BF4DA8E000D496F /* FlierCalTests.xctest */;
			productType = "com.apple.product-type.bundle.unit-test";
		};
/* End PBXNativeTarget section */

/* Begin PBXProject section */
		34BC06641BF4DA8E000D496F /* Project object */ = {
			isa = PBXProject;
			attributes = {
				LastUpgradeCheck = 0640;
				ORGANIZATIONNAME = "Matthew Nielsen";
				TargetAttributes = {
					34BC066B1BF4DA8E000D496F = {
						CreatedOnToolsVersion = 6.4;
					};
					34BC06821BF4DA8E000D496F = {
						CreatedOnToolsVersion = 6.4;
						TestTargetID = 34BC066B1BF4DA8E000D496F;
					};
				};
			};
			buildConfigurationList = 34BC06671BF4DA8E000D496F /* Build configuration list for PBXProject "FlierCal" */;
			compatibilityVersion = "Xcode 3.2";
			developmentRegion = English;
			hasScannedForEncodings = 0;
			knownRegions = (
				en,
				Base,
			);
			mainGroup = 34BC06631BF4DA8E000D496F;
			productRefGroup = 34BC066D1BF4DA8E000D496F /* Products */;
			projectDirPath = "";
			projectRoot = "";
			targets = (
				34BC066B1BF4DA8E000D496F /* FlierCal */,
				34BC06821BF4DA8E000D496F /* FlierCalTests */,
			);
		};
/* End PBXProject section */

/* Begin PBXResourcesBuildPhase section */
		34BC066A1BF4DA8E000D496F /* Resources */ = {
			isa = PBXResourcesBuildPhase;
			buildActionMask = 2147483647;
			files = (
				34BC06791BF4DA8E000D496F /* Main.storyboard in Resources */,
				34BC067B1BF4DA8E000D496F /* Images.xcassets in Resources */,
			);
			runOnlyForDeploymentPostprocessing = 0;
		};
		34BC06811BF4DA8E000D496F /* Resources */ = {
			isa = PBXResourcesBuildPhase;
			buildActionMask = 2147483647;
			files = (
			);
			runOnlyForDeploymentPostprocessing = 0;
		};
/* End PBXResourcesBuildPhase section */

/* Begin PBXSourcesBuildPhase section */
		34BC06681BF4DA8E000D496F /* Sources */ = {
			isa = PBXSourcesBuildPhase;
			buildActionMask = 2147483647;
			files = (
				3447038C1BFC04A1001FCADF /* ConfirmViewController.swift in Sources */,
				34CD0CFD1C188A970064A771 /* Regex.swift in Sources */,
				34BC06761BF4DA8E000D496F /* SecondViewController.swift in Sources */,
				34BC06941BF4E283000D496F /* WebOCR.swift in Sources */,
				3447038E1BFC13D6001FCADF /* CreateEventViewController.swift in Sources */,
				34BC06721BF4DA8E000D496F /* AppDelegate.swift in Sources */,
				34BA5A351C15F0C8000B71DC /* MyButton.swift in Sources */,
				341E702A1C0813B700453024 /* ListEventsViewController.swift in Sources */,
				347916CB1C0CAAB9000E446E /* EventDetailViewController.swift in Sources */,
				34BC06741BF4DA8E000D496F /* FirstViewController.swift in Sources */,
			);
			runOnlyForDeploymentPostprocessing = 0;
		};
		34BC067F1BF4DA8E000D496F /* Sources */ = {
			isa = PBXSourcesBuildPhase;
			buildActionMask = 2147483647;
			files = (
				34BC068A1BF4DA8E000D496F /* FlierCalTests.swift in Sources */,
			);
			runOnlyForDeploymentPostprocessing = 0;
		};
/* End PBXSourcesBuildPhase section */

/* Begin PBXTargetDependency section */
		34BC06851BF4DA8E000D496F /* PBXTargetDependency */ = {
			isa = PBXTargetDependency;
			target = 34BC066B1BF4DA8E000D496F /* FlierCal */;
			targetProxy = 34BC06841BF4DA8E000D496F /* PBXContainerItemProxy */;
		};
/* End PBXTargetDependency section */

/* Begin PBXVariantGroup section */
		34BC06771BF4DA8E000D496F /* Main.storyboard */ = {
			isa = PBXVariantGroup;
			children = (
				34BC06781BF4DA8E000D496F /* Base */,
			);
			name = Main.storyboard;
			sourceTree = "<group>";
		};
/* End PBXVariantGroup section */

/* Begin XCBuildConfiguration section */
		34BC068B1BF4DA8E000D496F /* Debug */ = {
			isa = XCBuildConfiguration;
			buildSettings = {
				ALWAYS_SEARCH_USER_PATHS = NO;
				CLANG_CXX_LANGUAGE_STANDARD = "gnu++0x";
				CLANG_CXX_LIBRARY = "libc++";
				CLANG_ENABLE_MODULES = YES;
				CLANG_ENABLE_OBJC_ARC = YES;
				CLANG_WARN_BOOL_CONVERSION = YES;
				CLANG_WARN_CONSTANT_CONVERSION = YES;
				CLANG_WARN_DIRECT_OBJC_ISA_USAGE = YES_ERROR;
				CLANG_WARN_EMPTY_BODY = YES;
				CLANG_WARN_ENUM_CONVERSION = YES;
				CLANG_WARN_INT_CONVERSION = YES;
				CLANG_WARN_OBJC_ROOT_CLASS = YES_ERROR;
				CLANG_WARN_UNREACHABLE_CODE = YES;
				CLANG_WARN__DUPLICATE_METHOD_MATCH = YES;
				"CODE_SIGN_IDENTITY[sdk=iphoneos*]" = "iPhone Developer";
				COPY_PHASE_STRIP = NO;
				DEBUG_INFORMATION_FORMAT = "dwarf-with-dsym";
				ENABLE_STRICT_OBJC_MSGSEND = YES;
				GCC_C_LANGUAGE_STANDARD = gnu99;
				GCC_DYNAMIC_NO_PIC = NO;
				GCC_NO_COMMON_BLOCKS = YES;
				GCC_OPTIMIZATION_LEVEL = 0;
				GCC_PREPROCESSOR_DEFINITIONS = (
					"DEBUG=1",
					"$(inherited)",
				);
				GCC_SYMBOLS_PRIVATE_EXTERN = NO;
				GCC_WARN_64_TO_32_BIT_CONVERSION = YES;
				GCC_WARN_ABOUT_RETURN_TYPE = YES_ERROR;
				GCC_WARN_UNDECLARED_SELECTOR = YES;
				GCC_WARN_UNINITIALIZED_AUTOS = YES_AGGRESSIVE;
				GCC_WARN_UNUSED_FUNCTION = YES;
				GCC_WARN_UNUSED_VARIABLE = YES;
				IPHONEOS_DEPLOYMENT_TARGET = 8.4;
				MTL_ENABLE_DEBUG_INFO = YES;
				ONLY_ACTIVE_ARCH = YES;
				SDKROOT = iphoneos;
				SWIFT_OPTIMIZATION_LEVEL = "-Onone";
			};
			name = Debug;
		};
		34BC068C1BF4DA8E000D496F /* Release */ = {
			isa = XCBuildConfiguration;
			buildSettings = {
				ALWAYS_SEARCH_USER_PATHS = NO;
				CLANG_CXX_LANGUAGE_STANDARD = "gnu++0x";
				CLANG_CXX_LIBRARY = "libc++";
				CLANG_ENABLE_MODULES = YES;
				CLANG_ENABLE_OBJC_ARC = YES;
				CLANG_WARN_BOOL_CONVERSION = YES;
				CLANG_WARN_CONSTANT_CONVERSION = YES;
				CLANG_WARN_DIRECT_OBJC_ISA_USAGE = YES_ERROR;
				CLANG_WARN_EMPTY_BODY = YES;
				CLANG_WARN_ENUM_CONVERSION = YES;
				CLANG_WARN_INT_CONVERSION = YES;
				CLANG_WARN_OBJC_ROOT_CLASS = YES_ERROR;
				CLANG_WARN_UNREACHABLE_CODE = YES;
				CLANG_WARN__DUPLICATE_METHOD_MATCH = YES;
				"CODE_SIGN_IDENTITY[sdk=iphoneos*]" = "iPhone Developer";
				COPY_PHASE_STRIP = NO;
				DEBUG_INFORMATION_FORMAT = "dwarf-with-dsym";
				ENABLE_NS_ASSERTIONS = NO;
				ENABLE_STRICT_OBJC_MSGSEND = YES;
				GCC_C_LANGUAGE_STANDARD = gnu99;
				GCC_NO_COMMON_BLOCKS = YES;
				GCC_WARN_64_TO_32_BIT_CONVERSION = YES;
				GCC_WARN_ABOUT_RETURN_TYPE = YES_ERROR;
				GCC_WARN_UNDECLARED_SELECTOR = YES;
				GCC_WARN_UNINITIALIZED_AUTOS = YES_AGGRESSIVE;
				GCC_WARN_UNUSED_FUNCTION = YES;
				GCC_WARN_UNUSED_VARIABLE = YES;
				IPHONEOS_DEPLOYMENT_TARGET = 8.4;
				MTL_ENABLE_DEBUG_INFO = NO;
				SDKROOT = iphoneos;
				VALIDATE_PRODUCT = YES;
			};
			name = Release;
		};
		34BC068E1BF4DA8E000D496F /* Debug */ = {
			isa = XCBuildConfiguration;
			buildSettings = {
				ASSETCATALOG_COMPILER_APPICON_NAME = AppIcon;
				INFOPLIST_FILE = FlierCal/Info.plist;
				LD_RUNPATH_SEARCH_PATHS = "$(inherited) @executable_path/Frameworks";
				PRODUCT_NAME = FlierCal;
			};
			name = Debug;
		};
		34BC068F1BF4DA8E000D496F /* Release */ = {
			isa = XCBuildConfiguration;
			buildSettings = {
				ASSETCATALOG_COMPILER_APPICON_NAME = AppIcon;
				INFOPLIST_FILE = FlierCal/Info.plist;
				LD_RUNPATH_SEARCH_PATHS = "$(inherited) @executable_path/Frameworks";
				PRODUCT_NAME = FlierCal;
			};
			name = Release;
		};
		34BC06911BF4DA8E000D496F /* Debug */ = {
			isa = XCBuildConfiguration;
			buildSettings = {
				BUNDLE_LOADER = "$(TEST_HOST)";
				FRAMEWORK_SEARCH_PATHS = (
					"$(SDKROOT)/Developer/Library/Frameworks",
					"$(inherited)",
				);
				GCC_PREPROCESSOR_DEFINITIONS = (
					"DEBUG=1",
					"$(inherited)",
				);
				INFOPLIST_FILE = FlierCalTests/Info.plist;
				LD_RUNPATH_SEARCH_PATHS = "$(inherited) @executable_path/Frameworks @loader_path/Frameworks";
				PRODUCT_NAME = FlierCalTests;
				TEST_HOST = "$(BUILT_PRODUCTS_DIR)/FlierCal.app/FlierCal";
			};
			name = Debug;
		};
		34BC06921BF4DA8E000D496F /* Release */ = {
			isa = XCBuildConfiguration;
			buildSettings = {
				BUNDLE_LOADER = "$(TEST_HOST)";
				FRAMEWORK_SEARCH_PATHS = (
					"$(SDKROOT)/Developer/Library/Frameworks",
					"$(inherited)",
				);
				INFOPLIST_FILE = FlierCalTests/Info.plist;
				LD_RUNPATH_SEARCH_PATHS = "$(inherited) @executable_path/Frameworks @loader_path/Frameworks";
				PRODUCT_NAME = FlierCalTests;
				TEST_HOST = "$(BUILT_PRODUCTS_DIR)/FlierCal.app/FlierCal";
			};
			name = Release;
		};
/* End XCBuildConfiguration section */

/* Begin XCConfigurationList section */
		34BC06671BF4DA8E000D496F /* Build configuration list for PBXProject "FlierCal" */ = {
			isa = XCConfigurationList;
			buildConfigurations = (
				34BC068B1BF4DA8E000D496F /* Debug */,
				34BC068C1BF4DA8E000D496F /* Release */,
			);
			defaultConfigurationIsVisible = 0;
			defaultConfigurationName = Release;
		};
		34BC068D1BF4DA8E000D496F /* Build configuration list for PBXNativeTarget "FlierCal" */ = {
			isa = XCConfigurationList;
			buildConfigurations = (
				34BC068E1BF4DA8E000D496F /* Debug */,
				34BC068F1BF4DA8E000D496F /* Release */,
			);
			defaultConfigurationIsVisible = 0;
			defaultConfigurationName = Release;
		};
		34BC06901BF4DA8E000D496F /* Build configuration list for PBXNativeTarget "FlierCalTests" */ = {
			isa = XCConfigurationList;
			buildConfigurations = (
				34BC06911BF4DA8E000D496F /* Debug */,
				34BC06921BF4DA8E000D496F /* Release */,
			);
			defaultConfigurationIsVisible = 0;
			defaultConfigurationName = Release;
		};
/* End XCConfigurationList section */
	};
	rootObject = 34BC06641BF4DA8E000D496F /* Project object */;
}
